{
  "name": "gtm_claw",
  "version": "1.0.0",
  "lockfileVersion": 3,
  "requires": true,
  "packages": {
    "": {
      "name": "gtm_claw",
      "version": "1.0.0",
      "license": "ISC",
      "dependencies": {
        "orangeslice": "^2.1.2"
      }
    },
    "node_modules/orangeslice": {
      "version": "2.1.2",
      "resolved": "https://registry.npmjs.org/orangeslice/-/orangeslice-2.1.2.tgz",
      "integrity": "sha512-D0s71kVWFHWxbilNJkAqPuHyt41Rhp3Ra79zYEXdyYdbbcVPyoVS3ooGCH2wzTHPDHehl01Wn4Zxg/b/WmC2Qg==",
      "license": "MIT",
      "bin": {
        "orangeslice": "dist/cli.js"
      }
    }
  }
}
